
Microsoft Visual Studio Solution File, Format Version 12.00
# Visual Studio Version 16
VisualStudioVersion = 25.0.1704.1
MinimumVisualStudioVersion = 10.0.40219.1
Project("{FAE04EC0-301F-11D3-BF4B-00C04F79EFBC}") = "ProBTLibrary", "ProBTLibrary\ProBTLibrary.csproj", "{23F0F73D-BC83-4548-B0F8-79F0B0BCFE0C}"
EndProject
Global
	GlobalSection(SolutionConfigurationPlatforms) = preSolution
		Debug|Any CPU = Debug|Any CPU
		Release|Any CPU = Release|Any CPU
	EndGlobalSection
	GlobalSection(ProjectConfigurationPlatforms) = postSolution
		{23F0F73D-BC83-4548-B0F8-79F0B0BCFE0C}.Debug|Any CPU.ActiveCfg = Debug|Any CPU
		{23F0F73D-BC83-4548-B0F8-79F0B0BCFE0C}.Debug|Any CPU.Build.0 = Debug|Any CPU
		{23F0F73D-BC83-4548-B0F8-79F0B0BCFE0C}.Release|Any CPU.ActiveCfg = Release|Any CPU
		{23F0F73D-BC83-4548-B0F8-79F0B0BCFE0C}.Release|Any CPU.Build.0 = Release|Any CPU
	EndGlobalSection
	GlobalSection(SolutionProperties) = preSolution
		HideSolutionNode = FALSE
	EndGlobalSection
	GlobalSection(ExtensibilityGlobals) = postSolution
		SolutionGuid = {FB32D10B-676C-425F-A31E-C58658D184AA}
	EndGlobalSection
EndGlobal
